
Microsoft Visual Studio Solution File, Format Version 12.00
# Visual Studio Version 17
VisualStudioVersion = 17.0.31919.166
MinimumVisualStudioVersion = 10.0.40219.1
Project("{FAE04EC0-301F-11D3-BF4B-00C04F79EFBC}") = "Fundamentals_2", "Fundamentals_2\Fundamentals_2.csproj", "{D369F2F9-BF08-4C53-B2F0-0BFCDC28EA36}"
EndProject
Project("{2150E333-8FDC-42A3-9474-1A3956D46DE8}") = "Solution Items", "Solution Items", "{57367DE2-CE1E-46DD-8837-B170FBEA84BC}"
	ProjectSection(SolutionItems) = preProject
		.editorconfig = .editorconfig
	EndProjectSection
EndProject
Project("{FAE04EC0-301F-11D3-BF4B-00C04F79EFBC}") = "Custom_list_test", "Custom list test\Custom_list_test.csproj", "{6F217645-64AB-43D4-B5F0-49386AD22DA9}"
EndProject
Global
	GlobalSection(SolutionConfigurationPlatforms) = preSolution
		Debug|Any CPU = Debug|Any CPU
		Release|Any CPU = Release|Any CPU
	EndGlobalSection
	GlobalSection(ProjectConfigurationPlatforms) = postSolution
		{D369F2F9-BF08-4C53-B2F0-0BFCDC28EA36}.Debug|Any CPU.ActiveCfg = Debug|Any CPU
		{D369F2F9-BF08-4C53-B2F0-0BFCDC28EA36}.Debug|Any CPU.Build.0 = Debug|Any CPU
		{D369F2F9-BF08-4C53-B2F0-0BFCDC28EA36}.Release|Any CPU.ActiveCfg = Release|Any CPU
		{D369F2F9-BF08-4C53-B2F0-0BFCDC28EA36}.Release|Any CPU.Build.0 = Release|Any CPU
		{6F217645-64AB-43D4-B5F0-49386AD22DA9}.Debug|Any CPU.ActiveCfg = Debug|Any CPU
		{6F217645-64AB-43D4-B5F0-49386AD22DA9}.Debug|Any CPU.Build.0 = Debug|Any CPU
		{6F217645-64AB-43D4-B5F0-49386AD22DA9}.Release|Any CPU.ActiveCfg = Release|Any CPU
		{6F217645-64AB-43D4-B5F0-49386AD22DA9}.Release|Any CPU.Build.0 = Release|Any CPU
	EndGlobalSection
	GlobalSection(SolutionProperties) = preSolution
		HideSolutionNode = FALSE
	EndGlobalSection
	GlobalSection(NestedProjects) = preSolution
		{6F217645-64AB-43D4-B5F0-49386AD22DA9} = {57367DE2-CE1E-46DD-8837-B170FBEA84BC}
	EndGlobalSection
	GlobalSection(ExtensibilityGlobals) = postSolution
		SolutionGuid = {F16F9B8D-DCDE-4DD7-9897-F93EDA10B8CD}
	EndGlobalSection
EndGlobal
